{
  "requires": true,
  "lockfileVersion": 1,
  "dependencies": {
    "@types/node": {
      "version": "14.14.21",
      "resolved": "https://registry.npmjs.org/@types/node/-/node-14.14.21.tgz",
      "integrity": "sha512-cHYfKsnwllYhjOzuC5q1VpguABBeecUp24yFluHpn/BQaVxB1CuQ1FSRZCzrPxrkIfWISXV2LbeoBthLWg0+0A=="
    },
    "@types/papaparse": {
      "version": "5.2.4",
      "resolved": "https://registry.npmjs.org/@types/papaparse/-/papaparse-5.2.4.tgz",
      "integrity": "sha512-oxwvNgW/RwtGsU/TOlV1zwBfozuyav0BotfCt0mX83nk87tePauU7N7shjI7uCBaPTEVip/F6XLfvs+Bk8M5HQ==",
      "requires": {
        "@types/node": "*"
      }
    },
    "autobind-decorator": {
      "version": "1.4.3",
      "resolved": "https://registry.npmjs.org/autobind-decorator/-/autobind-decorator-1.4.3.tgz",
      "integrity": "sha1-TJb/p3sQYi7eJPEQ9du/VmkUF9E="
    },
    "js-tokens": {
      "version": "4.0.0",
      "resolved": "https://registry.npmjs.org/js-tokens/-/js-tokens-4.0.0.tgz",
      "integrity": "sha512-RdJUflcE3cUzKiMqQgsCu06FPu9UdIJO0beYbPhHN4k6apgJtifcoCtT9bcxOpYBtpD2kCM6Sbzg4CausW/PKQ=="
    },
    "loose-envify": {
      "version": "1.4.0",
      "resolved": "https://registry.npmjs.org/loose-envify/-/loose-envify-1.4.0.tgz",
      "integrity": "sha512-lyuxPGr/Wfhrlem2CL/UcnUc1zcqKAImBDzukY7Y5F/yQiNdko6+fRLevlw1HgMySw7f611UIY408EtxRSoK3Q==",
      "requires": {
        "js-tokens": "^3.0.0 || ^4.0.0"
      }
    },
    "object-assign": {
      "version": "4.1.1",
      "resolved": "https://registry.npmjs.org/object-assign/-/object-assign-4.1.1.tgz",
      "integrity": "sha1-IQmtx5ZYh8/AXLvUQsrIv7s2CGM="
    },
    "papaparse": {
      "version": "5.3.0",
      "resolved": "https://registry.npmjs.org/papaparse/-/papaparse-5.3.0.tgz",
      "integrity": "sha512-Lb7jN/4bTpiuGPrYy4tkKoUS8sTki8zacB5ke1p5zolhcSE4TlWgrlsxjrDTbG/dFVh07ck7X36hUf/b5V68pg=="
    },
    "prop-types": {
      "version": "15.7.2",
      "resolved": "https://registry.npmjs.org/prop-types/-/prop-types-15.7.2.tgz",
      "integrity": "sha512-8QQikdH7//R2vurIJSutZ1smHYTcLpRWEOlHnzcWHmBYrOGUysKwSsrC89BCiFj3CbrfJ/nXFdJepOVrY1GCHQ==",
      "requires": {
        "loose-envify": "^1.4.0",
        "object-assign": "^4.1.1",
        "react-is": "^16.8.1"
      }
    },
    "react-input-range": {
      "version": "1.3.0",
      "resolved": "https://registry.npmjs.org/react-input-range/-/react-input-range-1.3.0.tgz",
      "integrity": "sha1-+W0AFjGrgXQX8eJtj5+WhLSCf1k=",
      "requires": {
        "autobind-decorator": "^1.3.4",
        "prop-types": "^15.5.8"
      }
    },
    "react-is": {
      "version": "16.13.1",
      "resolved": "https://registry.npmjs.org/react-is/-/react-is-16.13.1.tgz",
      "integrity": "sha512-24e6ynE2H+OKt4kqsOvNd8kBpV65zoxbA4BVsEOB3ARVWQki/DHzaUoC5KuON/BiccDaCCTZBuOcfZs70kR8bQ=="
    },
    "react-papaparse": {
      "version": "3.11.1",
      "resolved": "https://registry.npmjs.org/react-papaparse/-/react-papaparse-3.11.1.tgz",
      "integrity": "sha512-/TGscChB9rtaqKbQOWXpGQ+hFf+6EWxV5iRi1V1tCf0WW+dT4oy961QpdPUDZNcUakEXdkuRzdi+z8yNTRGCQQ==",
      "requires": {
        "@types/papaparse": "^5.0.4",
        "papaparse": "^5.2.0"
      }
    }
  }
}
